// !$*UTF8*$!
{
	archiveVersion = 1;
	classes = {
	};
	objectVersion = 48;
	objects = {

/* Begin PBXBuildFile section */
		46B3C34074CA9329BBC37949 /* Pods_VolumeKeeperUITests.framework in Frameworks */ = {isa = PBXBuildFile; fileRef = 52A0FE228D2AD816A1037538 /* Pods_VolumeKeeperUITests.framework */; };
		78B93B2A5F43FF27B33575B2 /* Pods_VolumeKeeper.framework in Frameworks */ = {isa = PBXBuildFile; fileRef = AE3355DC59394FE8657E5D38 /* Pods_VolumeKeeper.framework */; };
		902E49D41DD5DC2100BB817D /* AppDelegate.swift in Sources */ = {isa = PBXBuildFile; fileRef = 902E49D31DD5DC2100BB817D /* AppDelegate.swift */; };
		902E49D91DD5DC2100BB817D /* Main.storyboard in Resources */ = {isa = PBXBuildFile; fileRef = 902E49D71DD5DC2100BB817D /* Main.storyboard */; };
		902E49DB1DD5DC2100BB817D /* Assets.xcassets in Resources */ = {isa = PBXBuildFile; fileRef = 902E49DA1DD5DC2100BB817D /* Assets.xcassets */; };
		902E49DE1DD5DC2100BB817D /* LaunchScreen.storyboard in Resources */ = {isa = PBXBuildFile; fileRef = 902E49DC1DD5DC2100BB817D /* LaunchScreen.storyboard */; };
		902E49E91DD5DC2200BB817D /* VolumeKeeperTests.swift in Sources */ = {isa = PBXBuildFile; fileRef = 902E49E81DD5DC2200BB817D /* VolumeKeeperTests.swift */; };
		902E49F41DD5DC2200BB817D /* VolumeKeeperUITests.swift in Sources */ = {isa = PBXBuildFile; fileRef = 902E49F31DD5DC2200BB817D /* VolumeKeeperUITests.swift */; };
		9055AEFC1DD5E617008CB049 /* PlayerViewModel.swift in Sources */ = {isa = PBXBuildFile; fileRef = 9055AEFB1DD5E617008CB049 /* PlayerViewModel.swift */; };
		9055AEFF1DD61021008CB049 /* MusicListViewController.swift in Sources */ = {isa = PBXBuildFile; fileRef = 9055AEFE1DD61021008CB049 /* MusicListViewController.swift */; };
		9055AF0B1DD61572008CB049 /* MusicListTableViewModel.swift in Sources */ = {isa = PBXBuildFile; fileRef = 9055AF0A1DD61572008CB049 /* MusicListTableViewModel.swift */; };
		9055AF101DD6ACEC008CB049 /* MusicModel.swift in Sources */ = {isa = PBXBuildFile; fileRef = 9055AF0F1DD6ACEC008CB049 /* MusicModel.swift */; };
		9055AF141DD6B675008CB049 /* ViewModel.swift in Sources */ = {isa = PBXBuildFile; fileRef = 9055AF131DD6B675008CB049 /* ViewModel.swift */; };
		9055AF161DD6B685008CB049 /* Service.swift in Sources */ = {isa = PBXBuildFile; fileRef = 9055AF151DD6B685008CB049 /* Service.swift */; };
		90C2C5101DD7732D009609F1 /* MusicListCell.xib in Resources */ = {isa = PBXBuildFile; fileRef = 90C2C50F1DD7732D009609F1 /* MusicListCell.xib */; };
		90C2C5131DD7F5D5009609F1 /* MusicListTableViewCell.swift in Sources */ = {isa = PBXBuildFile; fileRef = 90C2C5121DD7F5D5009609F1 /* MusicListTableViewCell.swift */; };
		90C2C5151DD7F79A009609F1 /* MusicListCellViewModel.swift in Sources */ = {isa = PBXBuildFile; fileRef = 90C2C5141DD7F79A009609F1 /* MusicListCellViewModel.swift */; };
		90C2C5171DD7FD35009609F1 /* MusicPlayingViewController.swift in Sources */ = {isa = PBXBuildFile; fileRef = 90C2C5161DD7FD35009609F1 /* MusicPlayingViewController.swift */; };
		90C2C51A1DD82011009609F1 /* MusicPlayingViewModel.swift in Sources */ = {isa = PBXBuildFile; fileRef = 90C2C5191DD82011009609F1 /* MusicPlayingViewModel.swift */; };
		E3E1BAAB6921F1DA4120E9D8 /* Pods_VolumeKeeperTests.framework in Frameworks */ = {isa = PBXBuildFile; fileRef = 9D7E26BBCE017B0AB3CDB063 /* Pods_VolumeKeeperTests.framework */; };
/* End PBXBuildFile section */

/* Begin PBXContainerItemProxy section */
		902E49E51DD5DC2200BB817D /* PBXContainerItemProxy */ = {
			isa = PBXContainerItemProxy;
			containerPortal = 902E49C81DD5DC2100BB817D /* Project object */;
			proxyType = 1;
			remoteGlobalIDString = 902E49CF1DD5DC2100BB817D;
			remoteInfo = VolumeKeeper;
		};
		902E49F01DD5DC2200BB817D /* PBXContainerItemProxy */ = {
			isa = PBXContainerItemProxy;
			containerPortal = 902E49C81DD5DC2100BB817D /* Project object */;
			proxyType = 1;
			remoteGlobalIDString = 902E49CF1DD5DC2100BB817D;
			remoteInfo = VolumeKeeper;
		};
/* End PBXContainerItemProxy section */

/* Begin PBXFileReference section */
		01A18A770F038D6246AFC295 /* Pods-VolumeKeeperTests.debug.xcconfig */ = {isa = PBXFileReference; includeInIndex = 1; lastKnownFileType = text.xcconfig; name = "Pods-VolumeKeeperTests.debug.xcconfig"; path = "Pods/Target Support Files/Pods-VolumeKeeperTests/Pods-VolumeKeeperTests.debug.xcconfig"; sourceTree = "<group>"; };
		30FD57DC0A30D748780A8A90 /* Pods-VolumeKeeperUITests.debug.xcconfig */ = {isa = PBXFileReference; includeInIndex = 1; lastKnownFileType = text.xcconfig; name = "Pods-VolumeKeeperUITests.debug.xcconfig"; path = "Pods/Target Support Files/Pods-VolumeKeeperUITests/Pods-VolumeKeeperUITests.debug.xcconfig"; sourceTree = "<group>"; };
		32CA2A66BF2A4C11E2C8D77A /* Pods-VolumeKeeperUITests.release.xcconfig */ = {isa = PBXFileReference; includeInIndex = 1; lastKnownFileType = text.xcconfig; name = "Pods-VolumeKeeperUITests.release.xcconfig"; path = "Pods/Target Support Files/Pods-VolumeKeeperUITests/Pods-VolumeKeeperUITests.release.xcconfig"; sourceTree = "<group>"; };
		48557C9D94D87BAC36D854FB /* Pods-VolumeKeeper.release.xcconfig */ = {isa = PBXFileReference; includeInIndex = 1; lastKnownFileType = text.xcconfig; name = "Pods-VolumeKeeper.release.xcconfig"; path = "Pods/Target Support Files/Pods-VolumeKeeper/Pods-VolumeKeeper.release.xcconfig"; sourceTree = "<group>"; };
		48638C724B70F13073294FE5 /* Pods-VolumeKeeper.debug.xcconfig */ = {isa = PBXFileReference; includeInIndex = 1; lastKnownFileType = text.xcconfig; name = "Pods-VolumeKeeper.debug.xcconfig"; path = "Pods/Target Support Files/Pods-VolumeKeeper/Pods-VolumeKeeper.debug.xcconfig"; sourceTree = "<group>"; };
		52A0FE228D2AD816A1037538 /* Pods_VolumeKeeperUITests.framework */ = {isa = PBXFileReference; explicitFileType = wrapper.framework; includeInIndex = 0; path = Pods_VolumeKeeperUITests.framework; sourceTree = BUILT_PRODUCTS_DIR; };
		902E49D01DD5DC2100BB817D /* VolumeKeeper.app */ = {isa = PBXFileReference; explicitFileType = wrapper.application; includeInIndex = 0; path = VolumeKeeper.app; sourceTree = BUILT_PRODUCTS_DIR; };
		902E49D31DD5DC2100BB817D /* AppDelegate.swift */ = {isa = PBXFileReference; lastKnownFileType = sourcecode.swift; path = AppDelegate.swift; sourceTree = "<group>"; };
		902E49D81DD5DC2100BB817D /* Base */ = {isa = PBXFileReference; lastKnownFileType = file.storyboard; name = Base; path = Base.lproj/Main.storyboard; sourceTree = "<group>"; };
		902E49DA1DD5DC2100BB817D /* Assets.xcassets */ = {isa = PBXFileReference; lastKnownFileType = folder.assetcatalog; path = Assets.xcassets; sourceTree = "<group>"; };
		902E49DD1DD5DC2100BB817D /* Base */ = {isa = PBXFileReference; lastKnownFileType = file.storyboard; name = Base; path = Base.lproj/LaunchScreen.storyboard; sourceTree = "<group>"; };
		902E49DF1DD5DC2100BB817D /* Info.plist */ = {isa = PBXFileReference; lastKnownFileType = text.plist.xml; path = Info.plist; sourceTree = "<group>"; };
		902E49E41DD5DC2200BB817D /* VolumeKeeperTests.xctest */ = {isa = PBXFileReference; explicitFileType = wrapper.cfbundle; includeInIndex = 0; path = VolumeKeeperTests.xctest; sourceTree = BUILT_PRODUCTS_DIR; };
		902E49E81DD5DC2200BB817D /* VolumeKeeperTests.swift */ = {isa = PBXFileReference; lastKnownFileType = sourcecode.swift; path = VolumeKeeperTests.swift; sourceTree = "<group>"; };
		902E49EA1DD5DC2200BB817D /* Info.plist */ = {isa = PBXFileReference; lastKnownFileType = text.plist.xml; path = Info.plist; sourceTree = "<group>"; };
		902E49EF1DD5DC2200BB817D /* VolumeKeeperUITests.xctest */ = {isa = PBXFileReference; explicitFileType = wrapper.cfbundle; includeInIndex = 0; path = VolumeKeeperUITests.xctest; sourceTree = BUILT_PRODUCTS_DIR; };
		902E49F31DD5DC2200BB817D /* VolumeKeeperUITests.swift */ = {isa = PBXFileReference; lastKnownFileType = sourcecode.swift; path = VolumeKeeperUITests.swift; sourceTree = "<group>"; };
		902E49F51DD5DC2200BB817D /* Info.plist */ = {isa = PBXFileReference; lastKnownFileType = text.plist.xml; path = Info.plist; sourceTree = "<group>"; };
		9055AEFB1DD5E617008CB049 /* PlayerViewModel.swift */ = {isa = PBXFileReference; fileEncoding = 4; lastKnownFileType = sourcecode.swift; path = PlayerViewModel.swift; sourceTree = "<group>"; };
		9055AEFE1DD61021008CB049 /* MusicListViewController.swift */ = {isa = PBXFileReference; fileEncoding = 4; lastKnownFileType = sourcecode.swift; path = MusicListViewController.swift; sourceTree = "<group>"; };
		9055AF0A1DD61572008CB049 /* MusicListTableViewModel.swift */ = {isa = PBXFileReference; fileEncoding = 4; lastKnownFileType = sourcecode.swift; path = MusicListTableViewModel.swift; sourceTree = "<group>"; };
		9055AF0F1DD6ACEC008CB049 /* MusicModel.swift */ = {isa = PBXFileReference; fileEncoding = 4; lastKnownFileType = sourcecode.swift; path = MusicModel.swift; sourceTree = "<group>"; };
		9055AF131DD6B675008CB049 /* ViewModel.swift */ = {isa = PBXFileReference; fileEncoding = 4; lastKnownFileType = sourcecode.swift; path = ViewModel.swift; sourceTree = "<group>"; };
		9055AF151DD6B685008CB049 /* Service.swift */ = {isa = PBXFileReference; fileEncoding = 4; lastKnownFileType = sourcecode.swift; path = Service.swift; sourceTree = "<group>"; };
		90C2C50F1DD7732D009609F1 /* MusicListCell.xib */ = {isa = PBXFileReference; fileEncoding = 4; lastKnownFileType = file.xib; path = MusicListCell.xib; sourceTree = "<group>"; };
		90C2C5121DD7F5D5009609F1 /* MusicListTableViewCell.swift */ = {isa = PBXFileReference; fileEncoding = 4; lastKnownFileType = sourcecode.swift; path = MusicListTableViewCell.swift; sourceTree = "<group>"; };
		90C2C5141DD7F79A009609F1 /* MusicListCellViewModel.swift */ = {isa = PBXFileReference; fileEncoding = 4; lastKnownFileType = sourcecode.swift; path = MusicListCellViewModel.swift; sourceTree = "<group>"; };
		90C2C5161DD7FD35009609F1 /* MusicPlayingViewController.swift */ = {isa = PBXFileReference; fileEncoding = 4; lastKnownFileType = sourcecode.swift; path = MusicPlayingViewController.swift; sourceTree = "<group>"; };
		90C2C5191DD82011009609F1 /* MusicPlayingViewModel.swift */ = {isa = PBXFileReference; fileEncoding = 4; lastKnownFileType = sourcecode.swift; path = MusicPlayingViewModel.swift; sourceTree = "<group>"; };
		9D7E26BBCE017B0AB3CDB063 /* Pods_VolumeKeeperTests.framework */ = {isa = PBXFileReference; explicitFileType = wrapper.framework; includeInIndex = 0; path = Pods_VolumeKeeperTests.framework; sourceTree = BUILT_PRODUCTS_DIR; };
		AE3355DC59394FE8657E5D38 /* Pods_VolumeKeeper.framework */ = {isa = PBXFileReference; explicitFileType = wrapper.framework; includeInIndex = 0; path = Pods_VolumeKeeper.framework; sourceTree = BUILT_PRODUCTS_DIR; };
		F256770B3B3CD528BEA25DC4 /* Pods-VolumeKeeperTests.release.xcconfig */ = {isa = PBXFileReference; includeInIndex = 1; lastKnownFileType = text.xcconfig; name = "Pods-VolumeKeeperTests.release.xcconfig"; path = "Pods/Target Support Files/Pods-VolumeKeeperTests/Pods-VolumeKeeperTests.release.xcconfig"; sourceTree = "<group>"; };
/* End PBXFileReference section */

/* Begin PBXFrameworksBuildPhase section */
		902E49CD1DD5DC2100BB817D /* Frameworks */ = {
			isa = PBXFrameworksBuildPhase;
			buildActionMask = 2147483647;
			files = (
				78B93B2A5F43FF27B33575B2 /* Pods_VolumeKeeper.framework in Frameworks */,
			);
			runOnlyForDeploymentPostprocessing = 0;
		};
		902E49E11DD5DC2200BB817D /* Frameworks */ = {
			isa = PBXFrameworksBuildPhase;
			buildActionMask = 2147483647;
			files = (
				E3E1BAAB6921F1DA4120E9D8 /* Pods_VolumeKeeperTests.framework in Frameworks */,
			);
			runOnlyForDeploymentPostprocessing = 0;
		};
		902E49EC1DD5DC2200BB817D /* Frameworks */ = {
			isa = PBXFrameworksBuildPhase;
			buildActionMask = 2147483647;
			files = (
				46B3C34074CA9329BBC37949 /* Pods_VolumeKeeperUITests.framework in Frameworks */,
			);
			runOnlyForDeploymentPostprocessing = 0;
		};
/* End PBXFrameworksBuildPhase section */

/* Begin PBXGroup section */
		241F0A77A7E1F992EAEDA34A /* Frameworks */ = {
			isa = PBXGroup;
			children = (
				AE3355DC59394FE8657E5D38 /* Pods_VolumeKeeper.framework */,
				9D7E26BBCE017B0AB3CDB063 /* Pods_VolumeKeeperTests.framework */,
				52A0FE228D2AD816A1037538 /* Pods_VolumeKeeperUITests.framework */,
			);
			name = Frameworks;
			sourceTree = "<group>";
		};
		902E49C71DD5DC2100BB817D = {
			isa = PBXGroup;
			children = (
				902E49D21DD5DC2100BB817D /* VolumeKeeper */,
				902E49E71DD5DC2200BB817D /* VolumeKeeperTests */,
				902E49F21DD5DC2200BB817D /* VolumeKeeperUITests */,
				902E49D11DD5DC2100BB817D /* Products */,
				BD16DA29CF48CC93B2D128AB /* Pods */,
				241F0A77A7E1F992EAEDA34A /* Frameworks */,
			);
			sourceTree = "<group>";
		};
		902E49D11DD5DC2100BB817D /* Products */ = {
			isa = PBXGroup;
			children = (
				902E49D01DD5DC2100BB817D /* VolumeKeeper.app */,
				902E49E41DD5DC2200BB817D /* VolumeKeeperTests.xctest */,
				902E49EF1DD5DC2200BB817D /* VolumeKeeperUITests.xctest */,
			);
			name = Products;
			sourceTree = "<group>";
		};
		902E49D21DD5DC2100BB817D /* VolumeKeeper */ = {
			isa = PBXGroup;
			children = (
				9055AF121DD6B4C5008CB049 /* App */,
				9055AF111DD6B4AB008CB049 /* Core */,
				9055AF0E1DD6ACBE008CB049 /* Models */,
				9055AEFB1DD5E617008CB049 /* PlayerViewModel.swift */,
				902E4A011DD5E00A00BB817D /* UserInterfaces */,
				902E49D31DD5DC2100BB817D /* AppDelegate.swift */,
				902E49DA1DD5DC2100BB817D /* Assets.xcassets */,
				902E49DF1DD5DC2100BB817D /* Info.plist */,
			);
			path = VolumeKeeper;
			sourceTree = "<group>";
		};
		902E49E71DD5DC2200BB817D /* VolumeKeeperTests */ = {
			isa = PBXGroup;
			children = (
				902E49E81DD5DC2200BB817D /* VolumeKeeperTests.swift */,
				902E49EA1DD5DC2200BB817D /* Info.plist */,
			);
			path = VolumeKeeperTests;
			sourceTree = "<group>";
		};
		902E49F21DD5DC2200BB817D /* VolumeKeeperUITests */ = {
			isa = PBXGroup;
			children = (
				902E49F31DD5DC2200BB817D /* VolumeKeeperUITests.swift */,
				902E49F51DD5DC2200BB817D /* Info.plist */,
			);
			path = VolumeKeeperUITests;
			sourceTree = "<group>";
		};
		902E4A011DD5E00A00BB817D /* UserInterfaces */ = {
			isa = PBXGroup;
			children = (
				90C2C50E1DD7730D009609F1 /* Cells */,
				902E4A021DD5E01600BB817D /* Storyboards */,
			);
			name = UserInterfaces;
			sourceTree = "<group>";
		};
		902E4A021DD5E01600BB817D /* Storyboards */ = {
			isa = PBXGroup;
			children = (
				902E49D71DD5DC2100BB817D /* Main.storyboard */,
				902E49DC1DD5DC2100BB817D /* LaunchScreen.storyboard */,
			);
			name = Storyboards;
			sourceTree = "<group>";
		};
		9055AEFD1DD60FAB008CB049 /* MusicList */ = {
			isa = PBXGroup;
			children = (
				9055AEFE1DD61021008CB049 /* MusicListViewController.swift */,
				9055AF0A1DD61572008CB049 /* MusicListTableViewModel.swift */,
				90C2C5111DD7F5BA009609F1 /* Cell */,
			);
			name = MusicList;
			sourceTree = "<group>";
		};
		9055AF0E1DD6ACBE008CB049 /* Models */ = {
			isa = PBXGroup;
			children = (
				9055AF0F1DD6ACEC008CB049 /* MusicModel.swift */,
			);
			name = Models;
			sourceTree = "<group>";
		};
		9055AF111DD6B4AB008CB049 /* Core */ = {
			isa = PBXGroup;
			children = (
				9055AF131DD6B675008CB049 /* ViewModel.swift */,
				9055AF151DD6B685008CB049 /* Service.swift */,
			);
			name = Core;
			sourceTree = "<group>";
		};
		9055AF121DD6B4C5008CB049 /* App */ = {
			isa = PBXGroup;
			children = (
				90C2C5181DD82001009609F1 /* MusicPlaying */,
				9055AEFD1DD60FAB008CB049 /* MusicList */,
			);
			name = App;
			sourceTree = "<group>";
		};
		90C2C50E1DD7730D009609F1 /* Cells */ = {
			isa = PBXGroup;
			children = (
				90C2C50F1DD7732D009609F1 /* MusicListCell.xib */,
			);
			name = Cells;
			sourceTree = "<group>";
		};
		90C2C5111DD7F5BA009609F1 /* Cell */ = {
			isa = PBXGroup;
			children = (
				90C2C5121DD7F5D5009609F1 /* MusicListTableViewCell.swift */,
				90C2C5141DD7F79A009609F1 /* MusicListCellViewModel.swift */,
			);
			name = Cell;
			sourceTree = "<group>";
		};
		90C2C5181DD82001009609F1 /* MusicPlaying */ = {
			isa = PBXGroup;
			children = (
				90C2C5161DD7FD35009609F1 /* MusicPlayingViewController.swift */,
				90C2C5191DD82011009609F1 /* MusicPlayingViewModel.swift */,
			);
			name = MusicPlaying;
			sourceTree = "<group>";
		};
		BD16DA29CF48CC93B2D128AB /* Pods */ = {
			isa = PBXGroup;
			children = (
				48638C724B70F13073294FE5 /* Pods-VolumeKeeper.debug.xcconfig */,
				48557C9D94D87BAC36D854FB /* Pods-VolumeKeeper.release.xcconfig */,
				01A18A770F038D6246AFC295 /* Pods-VolumeKeeperTests.debug.xcconfig */,
				F256770B3B3CD528BEA25DC4 /* Pods-VolumeKeeperTests.release.xcconfig */,
				30FD57DC0A30D748780A8A90 /* Pods-VolumeKeeperUITests.debug.xcconfig */,
				32CA2A66BF2A4C11E2C8D77A /* Pods-VolumeKeeperUITests.release.xcconfig */,
			);
			name = Pods;
			sourceTree = "<group>";
		};
/* End PBXGroup section */

/* Begin PBXNativeTarget section */
		902E49CF1DD5DC2100BB817D /* VolumeKeeper */ = {
			isa = PBXNativeTarget;
			buildConfigurationList = 902E49F81DD5DC2200BB817D /* Build configuration list for PBXNativeTarget "VolumeKeeper" */;
			buildPhases = (
				3E65444B12D7E9191537CFC9 /* [CP] Check Pods Manifest.lock */,
				902E49CC1DD5DC2100BB817D /* Sources */,
				902E49CD1DD5DC2100BB817D /* Frameworks */,
				902E49CE1DD5DC2100BB817D /* Resources */,
				9F10F04A28A15FE6458D4754 /* [CP] Embed Pods Frameworks */,
				6F88B2F493A553D6A1A658F1 /* [CP] Copy Pods Resources */,
			);
			buildRules = (
			);
			dependencies = (
			);
			name = VolumeKeeper;
			productName = VolumeKeeper;
			productReference = 902E49D01DD5DC2100BB817D /* VolumeKeeper.app */;
			productType = "com.apple.product-type.application";
		};
		902E49E31DD5DC2200BB817D /* VolumeKeeperTests */ = {
			isa = PBXNativeTarget;
			buildConfigurationList = 902E49FB1DD5DC2200BB817D /* Build configuration list for PBXNativeTarget "VolumeKeeperTests" */;
			buildPhases = (
				E14E3D8EB150475A9614BEBB /* [CP] Check Pods Manifest.lock */,
				902E49E01DD5DC2200BB817D /* Sources */,
				902E49E11DD5DC2200BB817D /* Frameworks */,
				902E49E21DD5DC2200BB817D /* Resources */,
				ECABE3FD07F7DB7D810C9210 /* [CP] Embed Pods Frameworks */,
				4431162518B7CA2AE1AAF274 /* [CP] Copy Pods Resources */,
			);
			buildRules = (
			);
			dependencies = (
				902E49E61DD5DC2200BB817D /* PBXTargetDependency */,
			);
			name = VolumeKeeperTests;
			productName = VolumeKeeperTests;
			productReference = 902E49E41DD5DC2200BB817D /* VolumeKeeperTests.xctest */;
			productType = "com.apple.product-type.bundle.unit-test";
		};
		902E49EE1DD5DC2200BB817D /* VolumeKeeperUITests */ = {
			isa = PBXNativeTarget;
			buildConfigurationList = 902E49FE1DD5DC2200BB817D /* Build configuration list for PBXNativeTarget "VolumeKeeperUITests" */;
			buildPhases = (
				D74EBBC5A58CC90973E0C93E /* [CP] Check Pods Manifest.lock */,
				902E49EB1DD5DC2200BB817D /* Sources */,
				902E49EC1DD5DC2200BB817D /* Frameworks */,
				902E49ED1DD5DC2200BB817D /* Resources */,
				519D4532F12627AF938A58BC /* [CP] Embed Pods Frameworks */,
				FF990E5663695284BB67E8E3 /* [CP] Copy Pods Resources */,
			);
			buildRules = (
			);
			dependencies = (
				902E49F11DD5DC2200BB817D /* PBXTargetDependency */,
			);
			name = VolumeKeeperUITests;
			productName = VolumeKeeperUITests;
			productReference = 902E49EF1DD5DC2200BB817D /* VolumeKeeperUITests.xctest */;
			productType = "com.apple.product-type.bundle.ui-testing";
		};
/* End PBXNativeTarget section */

/* Begin PBXProject section */
		902E49C81DD5DC2100BB817D /* Project object */ = {
			isa = PBXProject;
			attributes = {
				LastSwiftUpdateCheck = 0810;
				LastUpgradeCheck = 0810;
				ORGANIZATIONNAME = "이동규";
				TargetAttributes = {
					902E49CF1DD5DC2100BB817D = {
						CreatedOnToolsVersion = 8.1;
						DevelopmentTeam = 8S882ZSFK3;
						ProvisioningStyle = Automatic;
					};
					902E49E31DD5DC2200BB817D = {
						CreatedOnToolsVersion = 8.1;
						DevelopmentTeam = 8S882ZSFK3;
						ProvisioningStyle = Automatic;
						TestTargetID = 902E49CF1DD5DC2100BB817D;
					};
					902E49EE1DD5DC2200BB817D = {
						CreatedOnToolsVersion = 8.1;
						DevelopmentTeam = 8S882ZSFK3;
						ProvisioningStyle = Automatic;
						TestTargetID = 902E49CF1DD5DC2100BB817D;
					};
				};
			};
			buildConfigurationList = 902E49CB1DD5DC2100BB817D /* Build configuration list for PBXProject "VolumeKeeper" */;
			compatibilityVersion = "Xcode 8.0";
			developmentRegion = English;
			hasScannedForEncodings = 0;
			knownRegions = (
				en,
				Base,
			);
			mainGroup = 902E49C71DD5DC2100BB817D;
			productRefGroup = 902E49D11DD5DC2100BB817D /* Products */;
			projectDirPath = "";
			projectRoot = "";
			targets = (
				902E49CF1DD5DC2100BB817D /* VolumeKeeper */,
				902E49E31DD5DC2200BB817D /* VolumeKeeperTests */,
				902E49EE1DD5DC2200BB817D /* VolumeKeeperUITests */,
			);
		};
/* End PBXProject section */

/* Begin PBXResourcesBuildPhase section */
		902E49CE1DD5DC2100BB817D /* Resources */ = {
			isa = PBXResourcesBuildPhase;
			buildActionMask = 2147483647;
			files = (
				902E49DE1DD5DC2100BB817D /* LaunchScreen.storyboard in Resources */,
				902E49DB1DD5DC2100BB817D /* Assets.xcassets in Resources */,
				902E49D91DD5DC2100BB817D /* Main.storyboard in Resources */,
				90C2C5101DD7732D009609F1 /* MusicListCell.xib in Resources */,
			);
			runOnlyForDeploymentPostprocessing = 0;
		};
		902E49E21DD5DC2200BB817D /* Resources */ = {
			isa = PBXResourcesBuildPhase;
			buildActionMask = 2147483647;
			files = (
			);
			runOnlyForDeploymentPostprocessing = 0;
		};
		902E49ED1DD5DC2200BB817D /* Resources */ = {
			isa = PBXResourcesBuildPhase;
			buildActionMask = 2147483647;
			files = (
			);
			runOnlyForDeploymentPostprocessing = 0;
		};
/* End PBXResourcesBuildPhase section */

/* Begin PBXShellScriptBuildPhase section */
		3E65444B12D7E9191537CFC9 /* [CP] Check Pods Manifest.lock */ = {
			isa = PBXShellScriptBuildPhase;
			buildActionMask = 2147483647;
			files = (
			);
			inputPaths = (
			);
			name = "[CP] Check Pods Manifest.lock";
			outputPaths = (
			);
			runOnlyForDeploymentPostprocessing = 0;
			shellPath = /bin/sh;
			shellScript = "diff \"${PODS_ROOT}/../Podfile.lock\" \"${PODS_ROOT}/Manifest.lock\" > /dev/null\nif [ $? != 0 ] ; then\n    # print error to STDERR\n    echo \"error: The sandbox is not in sync with the Podfile.lock. Run 'pod install' or update your CocoaPods installation.\" >&2\n    exit 1\nfi\n";
			showEnvVarsInLog = 0;
		};
		4431162518B7CA2AE1AAF274 /* [CP] Copy Pods Resources */ = {
			isa = PBXShellScriptBuildPhase;
			buildActionMask = 2147483647;
			files = (
			);
			inputPaths = (
			);
			name = "[CP] Copy Pods Resources";
			outputPaths = (
			);
			runOnlyForDeploymentPostprocessing = 0;
			shellPath = /bin/sh;
			shellScript = "\"${SRCROOT}/Pods/Target Support Files/Pods-VolumeKeeperTests/Pods-VolumeKeeperTests-resources.sh\"\n";
			showEnvVarsInLog = 0;
		};
		519D4532F12627AF938A58BC /* [CP] Embed Pods Frameworks */ = {
			isa = PBXShellScriptBuildPhase;
			buildActionMask = 2147483647;
			files = (
			);
			inputPaths = (
			);
			name = "[CP] Embed Pods Frameworks";
			outputPaths = (
			);
			runOnlyForDeploymentPostprocessing = 0;
			shellPath = /bin/sh;
			shellScript = "\"${SRCROOT}/Pods/Target Support Files/Pods-VolumeKeeperUITests/Pods-VolumeKeeperUITests-frameworks.sh\"\n";
			showEnvVarsInLog = 0;
		};
		6F88B2F493A553D6A1A658F1 /* [CP] Copy Pods Resources */ = {
			isa = PBXShellScriptBuildPhase;
			buildActionMask = 2147483647;
			files = (
			);
			inputPaths = (
			);
			name = "[CP] Copy Pods Resources";
			outputPaths = (
			);
			runOnlyForDeploymentPostprocessing = 0;
			shellPath = /bin/sh;
			shellScript = "\"${SRCROOT}/Pods/Target Support Files/Pods-VolumeKeeper/Pods-VolumeKeeper-resources.sh\"\n";
			showEnvVarsInLog = 0;
		};
		9F10F04A28A15FE6458D4754 /* [CP] Embed Pods Frameworks */ = {
			isa = PBXShellScriptBuildPhase;
			buildActionMask = 2147483647;
			files = (
			);
			inputPaths = (
			);
			name = "[CP] Embed Pods Frameworks";
			outputPaths = (
			);
			runOnlyForDeploymentPostprocessing = 0;
			shellPath = /bin/sh;
			shellScript = "\"${SRCROOT}/Pods/Target Support Files/Pods-VolumeKeeper/Pods-VolumeKeeper-frameworks.sh\"\n";
			showEnvVarsInLog = 0;
		};
		D74EBBC5A58CC90973E0C93E /* [CP] Check Pods Manifest.lock */ = {
			isa = PBXShellScriptBuildPhase;
			buildActionMask = 2147483647;
			files = (
			);
			inputPaths = (
			);
			name = "[CP] Check Pods Manifest.lock";
			outputPaths = (
			);
			runOnlyForDeploymentPostprocessing = 0;
			shellPath = /bin/sh;
			shellScript = "diff \"${PODS_ROOT}/../Podfile.lock\" \"${PODS_ROOT}/Manifest.lock\" > /dev/null\nif [ $? != 0 ] ; then\n    # print error to STDERR\n    echo \"error: The sandbox is not in sync with the Podfile.lock. Run 'pod install' or update your CocoaPods installation.\" >&2\n    exit 1\nfi\n";
			showEnvVarsInLog = 0;
		};
		E14E3D8EB150475A9614BEBB /* [CP] Check Pods Manifest.lock */ = {
			isa = PBXShellScriptBuildPhase;
			buildActionMask = 2147483647;
			files = (
			);
			inputPaths = (
			);
			name = "[CP] Check Pods Manifest.lock";
			outputPaths = (
			);
			runOnlyForDeploymentPostprocessing = 0;
			shellPath = /bin/sh;
			shellScript = "diff \"${PODS_ROOT}/../Podfile.lock\" \"${PODS_ROOT}/Manifest.lock\" > /dev/null\nif [ $? != 0 ] ; then\n    # print error to STDERR\n    echo \"error: The sandbox is not in sync with the Podfile.lock. Run 'pod install' or update your CocoaPods installation.\" >&2\n    exit 1\nfi\n";
			showEnvVarsInLog = 0;
		};
		ECABE3FD07F7DB7D810C9210 /* [CP] Embed Pods Frameworks */ = {
			isa = PBXShellScriptBuildPhase;
			buildActionMask = 2147483647;
			files = (
			);
			inputPaths = (
			);
			name = "[CP] Embed Pods Frameworks";
			outputPaths = (
			);
			runOnlyForDeploymentPostprocessing = 0;
			shellPath = /bin/sh;
			shellScript = "\"${SRCROOT}/Pods/Target Support Files/Pods-VolumeKeeperTests/Pods-VolumeKeeperTests-frameworks.sh\"\n";
			showEnvVarsInLog = 0;
		};
		FF990E5663695284BB67E8E3 /* [CP] Copy Pods Resources */ = {
			isa = PBXShellScriptBuildPhase;
			buildActionMask = 2147483647;
			files = (
			);
			inputPaths = (
			);
			name = "[CP] Copy Pods Resources";
			outputPaths = (
			);
			runOnlyForDeploymentPostprocessing = 0;
			shellPath = /bin/sh;
			shellScript = "\"${SRCROOT}/Pods/Target Support Files/Pods-VolumeKeeperUITests/Pods-VolumeKeeperUITests-resources.sh\"\n";
			showEnvVarsInLog = 0;
		};
/* End PBXShellScriptBuildPhase section */

/* Begin PBXSourcesBuildPhase section */
		902E49CC1DD5DC2100BB817D /* Sources */ = {
			isa = PBXSourcesBuildPhase;
			buildActionMask = 2147483647;
			files = (
				90C2C5171DD7FD35009609F1 /* MusicPlayingViewController.swift in Sources */,
				90C2C5131DD7F5D5009609F1 /* MusicListTableViewCell.swift in Sources */,
				9055AEFF1DD61021008CB049 /* MusicListViewController.swift in Sources */,
				9055AF161DD6B685008CB049 /* Service.swift in Sources */,
				90C2C51A1DD82011009609F1 /* MusicPlayingViewModel.swift in Sources */,
				9055AF0B1DD61572008CB049 /* MusicListTableViewModel.swift in Sources */,
				9055AF101DD6ACEC008CB049 /* MusicModel.swift in Sources */,
				9055AEFC1DD5E617008CB049 /* PlayerViewModel.swift in Sources */,
				90C2C5151DD7F79A009609F1 /* MusicListCellViewModel.swift in Sources */,
				902E49D41DD5DC2100BB817D /* AppDelegate.swift in Sources */,
				9055AF141DD6B675008CB049 /* ViewModel.swift in Sources */,
			);
			runOnlyForDeploymentPostprocessing = 0;
		};
		902E49E01DD5DC2200BB817D /* Sources */ = {
			isa = PBXSourcesBuildPhase;
			buildActionMask = 2147483647;
			files = (
				902E49E91DD5DC2200BB817D /* VolumeKeeperTests.swift in Sources */,
			);
			runOnlyForDeploymentPostprocessing = 0;
		};
		902E49EB1DD5DC2200BB817D /* Sources */ = {
			isa = PBXSourcesBuildPhase;
			buildActionMask = 2147483647;
			files = (
				902E49F41DD5DC2200BB817D /* VolumeKeeperUITests.swift in Sources */,
			);
			runOnlyForDeploymentPostprocessing = 0;
		};
/* End PBXSourcesBuildPhase section */

/* Begin PBXTargetDependency section */
		902E49E61DD5DC2200BB817D /* PBXTargetDependency */ = {
			isa = PBXTargetDependency;
			target = 902E49CF1DD5DC2100BB817D /* VolumeKeeper */;
			targetProxy = 902E49E51DD5DC2200BB817D /* PBXContainerItemProxy */;
		};
		902E49F11DD5DC2200BB817D /* PBXTargetDependency */ = {
			isa = PBXTargetDependency;
			target = 902E49CF1DD5DC2100BB817D /* VolumeKeeper */;
			targetProxy = 902E49F01DD5DC2200BB817D /* PBXContainerItemProxy */;
		};
/* End PBXTargetDependency section */

/* Begin PBXVariantGroup section */
		902E49D71DD5DC2100BB817D /* Main.storyboard */ = {
			isa = PBXVariantGroup;
			children = (
				902E49D81DD5DC2100BB817D /* Base */,
			);
			name = Main.storyboard;
			sourceTree = "<group>";
		};
		902E49DC1DD5DC2100BB817D /* LaunchScreen.storyboard */ = {
			isa = PBXVariantGroup;
			children = (
				902E49DD1DD5DC2100BB817D /* Base */,
			);
			name = LaunchScreen.storyboard;
			sourceTree = "<group>";
		};
/* End PBXVariantGroup section */

/* Begin XCBuildConfiguration section */
		902E49F61DD5DC2200BB817D /* Debug */ = {
			isa = XCBuildConfiguration;
			buildSettings = {
				ALWAYS_SEARCH_USER_PATHS = NO;
				CLANG_ANALYZER_NONNULL = YES;
				CLANG_CXX_LANGUAGE_STANDARD = "gnu++0x";
				CLANG_CXX_LIBRARY = "libc++";
				CLANG_ENABLE_MODULES = YES;
				CLANG_ENABLE_OBJC_ARC = YES;
				CLANG_WARN_BOOL_CONVERSION = YES;
				CLANG_WARN_CONSTANT_CONVERSION = YES;
				CLANG_WARN_DIRECT_OBJC_ISA_USAGE = YES_ERROR;
				CLANG_WARN_DOCUMENTATION_COMMENTS = YES;
				CLANG_WARN_EMPTY_BODY = YES;
				CLANG_WARN_ENUM_CONVERSION = YES;
				CLANG_WARN_INFINITE_RECURSION = YES;
				CLANG_WARN_INT_CONVERSION = YES;
				CLANG_WARN_OBJC_ROOT_CLASS = YES_ERROR;
				CLANG_WARN_SUSPICIOUS_MOVES = YES;
				CLANG_WARN_UNREACHABLE_CODE = YES;
				CLANG_WARN__DUPLICATE_METHOD_MATCH = YES;
				"CODE_SIGN_IDENTITY[sdk=iphoneos*]" = "iPhone Developer";
				COPY_PHASE_STRIP = NO;
				DEBUG_INFORMATION_FORMAT = dwarf;
				ENABLE_STRICT_OBJC_MSGSEND = YES;
				ENABLE_TESTABILITY = YES;
				GCC_C_LANGUAGE_STANDARD = gnu99;
				GCC_DYNAMIC_NO_PIC = NO;
				GCC_NO_COMMON_BLOCKS = YES;
				GCC_OPTIMIZATION_LEVEL = 0;
				GCC_PREPROCESSOR_DEFINITIONS = (
					"DEBUG=1",
					"$(inherited)",
				);
				GCC_WARN_64_TO_32_BIT_CONVERSION = YES;
				GCC_WARN_ABOUT_RETURN_TYPE = YES_ERROR;
				GCC_WARN_UNDECLARED_SELECTOR = YES;
				GCC_WARN_UNINITIALIZED_AUTOS = YES_AGGRESSIVE;
				GCC_WARN_UNUSED_FUNCTION = YES;
				GCC_WARN_UNUSED_VARIABLE = YES;
				IPHONEOS_DEPLOYMENT_TARGET = 10.1;
				MTL_ENABLE_DEBUG_INFO = YES;
				ONLY_ACTIVE_ARCH = YES;
				SDKROOT = iphoneos;
				SWIFT_ACTIVE_COMPILATION_CONDITIONS = DEBUG;
				SWIFT_OPTIMIZATION_LEVEL = "-Onone";
				TARGETED_DEVICE_FAMILY = "1,2";
			};
			name = Debug;
		};
		902E49F71DD5DC2200BB817D /* Release */ = {
			isa = XCBuildConfiguration;
			buildSettings = {
				ALWAYS_SEARCH_USER_PATHS = NO;
				CLANG_ANALYZER_NONNULL = YES;
				CLANG_CXX_LANGUAGE_STANDARD = "gnu++0x";
				CLANG_CXX_LIBRARY = "libc++";
				CLANG_ENABLE_MODULES = YES;
				CLANG_ENABLE_OBJC_ARC = YES;
				CLANG_WARN_BOOL_CONVERSION = YES;
				CLANG_WARN_CONSTANT_CONVERSION = YES;
				CLANG_WARN_DIRECT_OBJC_ISA_USAGE = YES_ERROR;
				CLANG_WARN_DOCUMENTATION_COMMENTS = YES;
				CLANG_WARN_EMPTY_BODY = YES;
				CLANG_WARN_ENUM_CONVERSION = YES;
				CLANG_WARN_INFINITE_RECURSION = YES;
				CLANG_WARN_INT_CONVERSION = YES;
				CLANG_WARN_OBJC_ROOT_CLASS = YES_ERROR;
				CLANG_WARN_SUSPICIOUS_MOVES = YES;
				CLANG_WARN_UNREACHABLE_CODE = YES;
				CLANG_WARN__DUPLICATE_METHOD_MATCH = YES;
				"CODE_SIGN_IDENTITY[sdk=iphoneos*]" = "iPhone Developer";
				COPY_PHASE_STRIP = NO;
				DEBUG_INFORMATION_FORMAT = "dwarf-with-dsym";
				ENABLE_NS_ASSERTIONS = NO;
				ENABLE_STRICT_OBJC_MSGSEND = YES;
				GCC_C_LANGUAGE_STANDARD = gnu99;
				GCC_NO_COMMON_BLOCKS = YES;
				GCC_WARN_64_TO_32_BIT_CONVERSION = YES;
				GCC_WARN_ABOUT_RETURN_TYPE = YES_ERROR;
				GCC_WARN_UNDECLARED_SELECTOR = YES;
				GCC_WARN_UNINITIALIZED_AUTOS = YES_AGGRESSIVE;
				GCC_WARN_UNUSED_FUNCTION = YES;
				GCC_WARN_UNUSED_VARIABLE = YES;
				IPHONEOS_DEPLOYMENT_TARGET = 10.1;
				MTL_ENABLE_DEBUG_INFO = NO;
				SDKROOT = iphoneos;
				SWIFT_OPTIMIZATION_LEVEL = "-Owholemodule";
				TARGETED_DEVICE_FAMILY = "1,2";
				VALIDATE_PRODUCT = YES;
			};
			name = Release;
		};
		902E49F91DD5DC2200BB817D /* Debug */ = {
			isa = XCBuildConfiguration;
			baseConfigurationReference = 48638C724B70F13073294FE5 /* Pods-VolumeKeeper.debug.xcconfig */;
			buildSettings = {
				ASSETCATALOG_COMPILER_APPICON_NAME = AppIcon;
				DEVELOPMENT_TEAM = 8S882ZSFK3;
				INFOPLIST_FILE = VolumeKeeper/Info.plist;
				LD_RUNPATH_SEARCH_PATHS = "$(inherited) @executable_path/Frameworks";
				PRODUCT_BUNDLE_IDENTIFIER = com.bangulpro.VolumeKeeper;
				PRODUCT_NAME = "$(TARGET_NAME)";
				SWIFT_VERSION = 3.0;
			};
			name = Debug;
		};
		902E49FA1DD5DC2200BB817D /* Release */ = {
			isa = XCBuildConfiguration;
			baseConfigurationReference = 48557C9D94D87BAC36D854FB /* Pods-VolumeKeeper.release.xcconfig */;
			buildSettings = {
				ASSETCATALOG_COMPILER_APPICON_NAME = AppIcon;
				DEVELOPMENT_TEAM = 8S882ZSFK3;
				INFOPLIST_FILE = VolumeKeeper/Info.plist;
				LD_RUNPATH_SEARCH_PATHS = "$(inherited) @executable_path/Frameworks";
				PRODUCT_BUNDLE_IDENTIFIER = com.bangulpro.VolumeKeeper;
				PRODUCT_NAME = "$(TARGET_NAME)";
				SWIFT_VERSION = 3.0;
			};
			name = Release;
		};
		902E49FC1DD5DC2200BB817D /* Debug */ = {
			isa = XCBuildConfiguration;
			baseConfigurationReference = 01A18A770F038D6246AFC295 /* Pods-VolumeKeeperTests.debug.xcconfig */;
			buildSettings = {
				ALWAYS_EMBED_SWIFT_STANDARD_LIBRARIES = YES;
				BUNDLE_LOADER = "$(TEST_HOST)";
				DEVELOPMENT_TEAM = 8S882ZSFK3;
				INFOPLIST_FILE = VolumeKeeperTests/Info.plist;
				LD_RUNPATH_SEARCH_PATHS = "$(inherited) @executable_path/Frameworks @loader_path/Frameworks";
				PRODUCT_BUNDLE_IDENTIFIER = com.bangulpro.VolumeKeeperTests;
				PRODUCT_NAME = "$(TARGET_NAME)";
				SWIFT_VERSION = 3.0;
				TEST_HOST = "$(BUILT_PRODUCTS_DIR)/VolumeKeeper.app/VolumeKeeper";
			};
			name = Debug;
		};
		902E49FD1DD5DC2200BB817D /* Release */ = {
			isa = XCBuildConfiguration;
			baseConfigurationReference = F256770B3B3CD528BEA25DC4 /* Pods-VolumeKeeperTests.release.xcconfig */;
			buildSettings = {
				ALWAYS_EMBED_SWIFT_STANDARD_LIBRARIES = YES;
				BUNDLE_LOADER = "$(TEST_HOST)";
				DEVELOPMENT_TEAM = 8S882ZSFK3;
				INFOPLIST_FILE = VolumeKeeperTests/Info.plist;
				LD_RUNPATH_SEARCH_PATHS = "$(inherited) @executable_path/Frameworks @loader_path/Frameworks";
				PRODUCT_BUNDLE_IDENTIFIER = com.bangulpro.VolumeKeeperTests;
				PRODUCT_NAME = "$(TARGET_NAME)";
				SWIFT_VERSION = 3.0;
				TEST_HOST = "$(BUILT_PRODUCTS_DIR)/VolumeKeeper.app/VolumeKeeper";
			};
			name = Release;
		};
		902E49FF1DD5DC2200BB817D /* Debug */ = {
			isa = XCBuildConfiguration;
			baseConfigurationReference = 30FD57DC0A30D748780A8A90 /* Pods-VolumeKeeperUITests.debug.xcconfig */;
			buildSettings = {
				ALWAYS_EMBED_SWIFT_STANDARD_LIBRARIES = YES;
				DEVELOPMENT_TEAM = 8S882ZSFK3;
				INFOPLIST_FILE = VolumeKeeperUITests/Info.plist;
				LD_RUNPATH_SEARCH_PATHS = "$(inherited) @executable_path/Frameworks @loader_path/Frameworks";
				PRODUCT_BUNDLE_IDENTIFIER = com.bangulpro.VolumeKeeperUITests;
				PRODUCT_NAME = "$(TARGET_NAME)";
				SWIFT_VERSION = 3.0;
				TEST_TARGET_NAME = VolumeKeeper;
			};
			name = Debug;
		};
		902E4A001DD5DC2200BB817D /* Release */ = {
			isa = XCBuildConfiguration;
			baseConfigurationReference = 32CA2A66BF2A4C11E2C8D77A /* Pods-VolumeKeeperUITests.release.xcconfig */;
			buildSettings = {
				ALWAYS_EMBED_SWIFT_STANDARD_LIBRARIES = YES;
				DEVELOPMENT_TEAM = 8S882ZSFK3;
				INFOPLIST_FILE = VolumeKeeperUITests/Info.plist;
				LD_RUNPATH_SEARCH_PATHS = "$(inherited) @executable_path/Frameworks @loader_path/Frameworks";
				PRODUCT_BUNDLE_IDENTIFIER = com.bangulpro.VolumeKeeperUITests;
				PRODUCT_NAME = "$(TARGET_NAME)";
				SWIFT_VERSION = 3.0;
				TEST_TARGET_NAME = VolumeKeeper;
			};
			name = Release;
		};
/* End XCBuildConfiguration section */

/* Begin XCConfigurationList section */
		902E49CB1DD5DC2100BB817D /* Build configuration list for PBXProject "VolumeKeeper" */ = {
			isa = XCConfigurationList;
			buildConfigurations = (
				902E49F61DD5DC2200BB817D /* Debug */,
				902E49F71DD5DC2200BB817D /* Release */,
			);
			defaultConfigurationIsVisible = 0;
			defaultConfigurationName = Release;
		};
		902E49F81DD5DC2200BB817D /* Build configuration list for PBXNativeTarget "VolumeKeeper" */ = {
			isa = XCConfigurationList;
			buildConfigurations = (
				902E49F91DD5DC2200BB817D /* Debug */,
				902E49FA1DD5DC2200BB817D /* Release */,
			);
			defaultConfigurationIsVisible = 0;
			defaultConfigurationName = Release;
		};
		902E49FB1DD5DC2200BB817D /* Build configuration list for PBXNativeTarget "VolumeKeeperTests" */ = {
			isa = XCConfigurationList;
			buildConfigurations = (
				902E49FC1DD5DC2200BB817D /* Debug */,
				902E49FD1DD5DC2200BB817D /* Release */,
			);
			defaultConfigurationIsVisible = 0;
			defaultConfigurationName = Release;
		};
		902E49FE1DD5DC2200BB817D /* Build configuration list for PBXNativeTarget "VolumeKeeperUITests" */ = {
			isa = XCConfigurationList;
			buildConfigurations = (
				902E49FF1DD5DC2200BB817D /* Debug */,
				902E4A001DD5DC2200BB817D /* Release */,
			);
			defaultConfigurationIsVisible = 0;
			defaultConfigurationName = Release;
		};
/* End XCConfigurationList section */
	};
	rootObject = 902E49C81DD5DC2100BB817D /* Project object */;
}
